
Microsoft Visual Studio Solution File, Format Version 12.00
# Visual Studio 2013
VisualStudioVersion = 12.0.21005.1
MinimumVisualStudioVersion = 10.0.40219.1
Project("{FAE04EC0-301F-11D3-BF4B-00C04F79EFBC}") = "RconLib", "RconLib\RconLib.csproj", "{B2C47F63-DC74-41FE-8C1D-05ECAF6BC152}"
EndProject
Project("{FAE04EC0-301F-11D3-BF4B-00C04F79EFBC}") = "RconLibTests", "RconLibTests\RconLibTests.csproj", "{18D014AA-8A3F-4081-9ECA-E8DC21489362}"
EndProject
Global
	GlobalSection(SolutionConfigurationPlatforms) = preSolution
		Debug|Any CPU = Debug|Any CPU
		Release|Any CPU = Release|Any CPU
	EndGlobalSection
	GlobalSection(ProjectConfigurationPlatforms) = postSolution
		{B2C47F63-DC74-41FE-8C1D-05ECAF6BC152}.Debug|Any CPU.ActiveCfg = Debug|Any CPU
		{B2C47F63-DC74-41FE-8C1D-05ECAF6BC152}.Debug|Any CPU.Build.0 = Debug|Any CPU
		{B2C47F63-DC74-41FE-8C1D-05ECAF6BC152}.Release|Any CPU.ActiveCfg = Release|Any CPU
		{B2C47F63-DC74-41FE-8C1D-05ECAF6BC152}.Release|Any CPU.Build.0 = Release|Any CPU
		{18D014AA-8A3F-4081-9ECA-E8DC21489362}.Debug|Any CPU.ActiveCfg = Debug|Any CPU
		{18D014AA-8A3F-4081-9ECA-E8DC21489362}.Debug|Any CPU.Build.0 = Debug|Any CPU
		{18D014AA-8A3F-4081-9ECA-E8DC21489362}.Release|Any CPU.ActiveCfg = Release|Any CPU
		{18D014AA-8A3F-4081-9ECA-E8DC21489362}.Release|Any CPU.Build.0 = Release|Any CPU
	EndGlobalSection
	GlobalSection(SolutionProperties) = preSolution
		HideSolutionNode = FALSE
	EndGlobalSection
EndGlobal
